#
# This file is autogenerated by pip-compile with Python 3.9
# by the following command:
#
#    pip-compile --no-emit-options --output-file=requirements.lock requirements.txt
#
certifi==2024.8.30
    # via
    #   -r requirements.txt
    #   requests
chardet==3.0.4
    # via
    #   -r requirements.txt
    #   requests
django==1.11.29
    # via -r requirements.txt
feedparser==6.0.8
    # via -r requirements.txt
idna==2.8
    # via
    #   -r requirements.txt
    #   requests
pyasn1==0.6.0
    # via
    #   -r requirements.txt
    #   rsa
pyjwt==0.4.2
    # via -r requirements.txt
pytz==2024.1
    # via
    #   -r requirements.txt
    #   django
requests==2.21.0
    # via -r requirements.txt
rsa==3.4
    # via -r requirements.txt
sgmllib3k==1.0.0
    # via
    #   -r requirements.txt
    #   feedparser
urllib3==1.24.3
    # via
    #   -r requirements.txt
    #   requests
